{
  "name": "maphack",
  "version": "1.0.0",
  "lockfileVersion": 1,
  "requires": true,
  "dependencies": {
    "angular": {
      "version": "https://registry.npmjs.org/angular/-/angular-1.6.4.tgz",
      "integrity": "sha1-A7exXAGggC1+LPWTJA5gQFTcd/s="
    },
    "angular-ui-router": {
      "version": "https://registry.npmjs.org/angular-ui-router/-/angular-ui-router-1.0.0-rc.1.tgz",
      "integrity": "sha1-LRaCMOggT8jSqT0QB61JufM9CcY=",
      "requires": {
        "ui-router-core": "https://registry.npmjs.org/ui-router-core/-/ui-router-core-3.1.0.tgz"
      }
    },
    "angularjs-dropdown-multiselect": {
      "version": "2.0.0-beta.10",
      "resolved": "https://registry.npmjs.org/angularjs-dropdown-multiselect/-/angularjs-dropdown-multiselect-2.0.0-beta.10.tgz",
      "integrity": "sha1-/7R63w33M/PalM5JyE+PBdJHKl8=",
      "requires": {
        "angular": "https://registry.npmjs.org/angular/-/angular-1.6.4.tgz"
      }
    },
    "lodash": {
      "version": "4.17.4",
      "resolved": "https://registry.npmjs.org/lodash/-/lodash-4.17.4.tgz",
      "integrity": "sha1-eCA6TRwyiuHYbcpkYONptX9AVa4="
    },
    "ui-router-core": {
      "version": "https://registry.npmjs.org/ui-router-core/-/ui-router-core-3.1.0.tgz",
      "integrity": "sha1-wpfoGYYxqy42iSqV0PmpLBjvvBc="
    }
  }
}
