{
  "name": "map-hack",
  "version": "1.0.0",
  "lockfileVersion": 1,
  "dependencies": {
    "@uirouter/core": {
      "version": "https://registry.npmjs.org/@uirouter/core/-/core-5.0.3.tgz",
      "integrity": "sha1-4rWx5FGQ4gxnuk4VwBPeXU4MyrM="
    },
    "@uirouter/rx": {
      "version": "0.3.1",
      "resolved": "https://registry.npmjs.org/@uirouter/rx/-/rx-0.3.1.tgz",
      "integrity": "sha1-ZrCY0yFvnu0tjz0RrTg2eIjsuSA="
    },
    "angular": {
      "version": "https://registry.npmjs.org/angular/-/angular-1.6.4.tgz",
      "integrity": "sha1-A7exXAGggC1+LPWTJA5gQFTcd/s="
    },
    "angular-ui-router": {
      "version": "1.0.3",
      "resolved": "https://registry.npmjs.org/angular-ui-router/-/angular-ui-router-1.0.3.tgz",
      "integrity": "sha1-vySUyq6Vw3zwGvN2HYl0fP7S20U="
    },
    "ui-router": {
      "version": "1.0.0-alpha.3",
      "resolved": "https://registry.npmjs.org/ui-router/-/ui-router-1.0.0-alpha.3.tgz",
      "integrity": "sha1-sphycgIosJr1UlnpQY9eFLwH2WI="
    },
    "ui-router-ng2": {
      "version": "1.0.0-beta.5",
      "resolved": "https://registry.npmjs.org/ui-router-ng2/-/ui-router-ng2-1.0.0-beta.5.tgz",
      "integrity": "sha1-bRgzfLkooz2x+hJWG9apIwktWpw=",
      "dependencies": {
        "@uirouter/core": {
          "version": "5.0.0",
          "resolved": "https://registry.npmjs.org/@uirouter/core/-/core-5.0.0.tgz",
          "integrity": "sha1-6NThPok3mZ6/WxCtKd4LlfwzgZM="
        }
      }
    }
  }
}
