{
  "name": "maphack",
  "version": "1.0.0",
  "lockfileVersion": 1,
  "dependencies": {
    "angular": {
      "version": "1.6.4",
      "resolved": "https://registry.npmjs.org/angular/-/angular-1.6.4.tgz",
      "integrity": "sha1-A7exXAGggC1+LPWTJA5gQFTcd/s="
    },
    "angular-ui-router": {
      "version": "1.0.0-rc.1",
      "resolved": "https://registry.npmjs.org/angular-ui-router/-/angular-ui-router-1.0.0-rc.1.tgz",
      "integrity": "sha1-LRaCMOggT8jSqT0QB61JufM9CcY="
    },
    "ui-router-core": {
      "version": "3.1.0",
      "resolved": "https://registry.npmjs.org/ui-router-core/-/ui-router-core-3.1.0.tgz",
      "integrity": "sha1-wpfoGYYxqy42iSqV0PmpLBjvvBc="
    }
  }
}
